
Microsoft Visual Studio Solution File, Format Version 12.00
# Visual Studio Version 17
VisualStudioVersion = 17.8.34330.188
MinimumVisualStudioVersion = 10.0.40219.1
Project("{9A19103F-16F7-4668-BE54-9A1E7A4F7556}") = "Bannerlord.DynamicTroop", "Bannerlord.DynamicTroop.csproj", "{FB108006-0AA6-40C7-B6D3-3DF75421B73E}"
EndProject
Project("{FAE04EC0-301F-11D3-BF4B-00C04F79EFBC}") = "Bannerlord.DynamicTroop.Test", "Bannerlord.DynamicTroop.Test\Bannerlord.DynamicTroop.Test.csproj", "{542212D9-2D4B-407E-A3FA-9DA74877813D}"
EndProject
Global
	GlobalSection(SolutionConfigurationPlatforms) = preSolution
		Beta_Debug|Any CPU = Beta_Debug|Any CPU
		Beta_Debug|x64 = Beta_Debug|x64
		Beta_Release|Any CPU = Beta_Release|Any CPU
		Beta_Release|x64 = Beta_Release|x64
		Debug|Any CPU = Debug|Any CPU
		Debug|x64 = Debug|x64
		Release|Any CPU = Release|Any CPU
		Release|x64 = Release|x64
		Stable_Debug|Any CPU = Stable_Debug|Any CPU
		Stable_Debug|x64 = Stable_Debug|x64
		Stable_Release|Any CPU = Stable_Release|Any CPU
		Stable_Release|x64 = Stable_Release|x64
	EndGlobalSection
	GlobalSection(ProjectConfigurationPlatforms) = postSolution
		{FB108006-0AA6-40C7-B6D3-3DF75421B73E}.Beta_Debug|Any CPU.ActiveCfg = Beta_Debug|x64
		{FB108006-0AA6-40C7-B6D3-3DF75421B73E}.Beta_Debug|Any CPU.Build.0 = Beta_Debug|x64
		{FB108006-0AA6-40C7-B6D3-3DF75421B73E}.Beta_Debug|x64.ActiveCfg = Beta_Debug|x64
		{FB108006-0AA6-40C7-B6D3-3DF75421B73E}.Beta_Debug|x64.Build.0 = Beta_Debug|x64
		{FB108006-0AA6-40C7-B6D3-3DF75421B73E}.Beta_Release|Any CPU.ActiveCfg = Beta_Release|x64
		{FB108006-0AA6-40C7-B6D3-3DF75421B73E}.Beta_Release|Any CPU.Build.0 = Beta_Release|x64
		{FB108006-0AA6-40C7-B6D3-3DF75421B73E}.Beta_Release|x64.ActiveCfg = Beta_Release|x64
		{FB108006-0AA6-40C7-B6D3-3DF75421B73E}.Beta_Release|x64.Build.0 = Beta_Release|x64
		{FB108006-0AA6-40C7-B6D3-3DF75421B73E}.Debug|Any CPU.ActiveCfg = Debug|x64
		{FB108006-0AA6-40C7-B6D3-3DF75421B73E}.Debug|Any CPU.Build.0 = Debug|x64
		{FB108006-0AA6-40C7-B6D3-3DF75421B73E}.Debug|x64.ActiveCfg = Debug|x64
		{FB108006-0AA6-40C7-B6D3-3DF75421B73E}.Debug|x64.Build.0 = Debug|x64
		{FB108006-0AA6-40C7-B6D3-3DF75421B73E}.Release|Any CPU.ActiveCfg = Release|x64
		{FB108006-0AA6-40C7-B6D3-3DF75421B73E}.Release|Any CPU.Build.0 = Release|x64
		{FB108006-0AA6-40C7-B6D3-3DF75421B73E}.Release|x64.ActiveCfg = Release|x64
		{FB108006-0AA6-40C7-B6D3-3DF75421B73E}.Release|x64.Build.0 = Release|x64
		{FB108006-0AA6-40C7-B6D3-3DF75421B73E}.Stable_Debug|Any CPU.ActiveCfg = Stable_Debug|x64
		{FB108006-0AA6-40C7-B6D3-3DF75421B73E}.Stable_Debug|Any CPU.Build.0 = Stable_Debug|x64
		{FB108006-0AA6-40C7-B6D3-3DF75421B73E}.Stable_Debug|x64.ActiveCfg = Stable_Debug|x64
		{FB108006-0AA6-40C7-B6D3-3DF75421B73E}.Stable_Debug|x64.Build.0 = Stable_Debug|x64
		{FB108006-0AA6-40C7-B6D3-3DF75421B73E}.Stable_Release|Any CPU.ActiveCfg = Stable_Release|x64
		{FB108006-0AA6-40C7-B6D3-3DF75421B73E}.Stable_Release|Any CPU.Build.0 = Stable_Release|x64
		{FB108006-0AA6-40C7-B6D3-3DF75421B73E}.Stable_Release|x64.ActiveCfg = Stable_Release|x64
		{FB108006-0AA6-40C7-B6D3-3DF75421B73E}.Stable_Release|x64.Build.0 = Stable_Release|x64
		{542212D9-2D4B-407E-A3FA-9DA74877813D}.Beta_Debug|Any CPU.ActiveCfg = Debug|Any CPU
		{542212D9-2D4B-407E-A3FA-9DA74877813D}.Beta_Debug|Any CPU.Build.0 = Debug|Any CPU
		{542212D9-2D4B-407E-A3FA-9DA74877813D}.Beta_Debug|x64.ActiveCfg = Debug|Any CPU
		{542212D9-2D4B-407E-A3FA-9DA74877813D}.Beta_Debug|x64.Build.0 = Debug|Any CPU
		{542212D9-2D4B-407E-A3FA-9DA74877813D}.Beta_Release|Any CPU.ActiveCfg = Debug|Any CPU
		{542212D9-2D4B-407E-A3FA-9DA74877813D}.Beta_Release|Any CPU.Build.0 = Debug|Any CPU
		{542212D9-2D4B-407E-A3FA-9DA74877813D}.Beta_Release|x64.ActiveCfg = Debug|Any CPU
		{542212D9-2D4B-407E-A3FA-9DA74877813D}.Beta_Release|x64.Build.0 = Debug|Any CPU
		{542212D9-2D4B-407E-A3FA-9DA74877813D}.Debug|Any CPU.ActiveCfg = Debug|Any CPU
		{542212D9-2D4B-407E-A3FA-9DA74877813D}.Debug|Any CPU.Build.0 = Debug|Any CPU
		{542212D9-2D4B-407E-A3FA-9DA74877813D}.Debug|x64.ActiveCfg = Debug|Any CPU
		{542212D9-2D4B-407E-A3FA-9DA74877813D}.Debug|x64.Build.0 = Debug|Any CPU
		{542212D9-2D4B-407E-A3FA-9DA74877813D}.Release|Any CPU.ActiveCfg = Release|Any CPU
		{542212D9-2D4B-407E-A3FA-9DA74877813D}.Release|Any CPU.Build.0 = Release|Any CPU
		{542212D9-2D4B-407E-A3FA-9DA74877813D}.Release|x64.ActiveCfg = Release|Any CPU
		{542212D9-2D4B-407E-A3FA-9DA74877813D}.Release|x64.Build.0 = Release|Any CPU
		{542212D9-2D4B-407E-A3FA-9DA74877813D}.Stable_Debug|Any CPU.ActiveCfg = Debug|Any CPU
		{542212D9-2D4B-407E-A3FA-9DA74877813D}.Stable_Debug|Any CPU.Build.0 = Debug|Any CPU
		{542212D9-2D4B-407E-A3FA-9DA74877813D}.Stable_Debug|x64.ActiveCfg = Debug|Any CPU
		{542212D9-2D4B-407E-A3FA-9DA74877813D}.Stable_Debug|x64.Build.0 = Debug|Any CPU
		{542212D9-2D4B-407E-A3FA-9DA74877813D}.Stable_Release|Any CPU.ActiveCfg = Debug|Any CPU
		{542212D9-2D4B-407E-A3FA-9DA74877813D}.Stable_Release|Any CPU.Build.0 = Debug|Any CPU
		{542212D9-2D4B-407E-A3FA-9DA74877813D}.Stable_Release|x64.ActiveCfg = Debug|Any CPU
		{542212D9-2D4B-407E-A3FA-9DA74877813D}.Stable_Release|x64.Build.0 = Debug|Any CPU
	EndGlobalSection
	GlobalSection(SolutionProperties) = preSolution
		HideSolutionNode = FALSE
	EndGlobalSection
	GlobalSection(ExtensibilityGlobals) = postSolution
		SolutionGuid = {BA46421B-73C1-4016-B628-AEC5D9379EA8}
	EndGlobalSection
EndGlobal
